// !$*UTF8*$!
{
	archiveVersion = 1;
	classes = {
	};
	objectVersion = 46;
	objects = {

/* Begin PBXBuildFile section */
		FCD7C0B21E3E6DFD0019A2A1 /* AppDelegate.swift in Sources */ = {isa = PBXBuildFile; fileRef = FCD7C0B11E3E6DFD0019A2A1 /* AppDelegate.swift */; };
		FCD7C0B41E3E6DFE0019A2A1 /* ViewController.swift in Sources */ = {isa = PBXBuildFile; fileRef = FCD7C0B31E3E6DFE0019A2A1 /* ViewController.swift */; };
		FCD7C0B71E3E6DFE0019A2A1 /* Main.storyboard in Resources */ = {isa = PBXBuildFile; fileRef = FCD7C0B51E3E6DFE0019A2A1 /* Main.storyboard */; };
		FCD7C0B91E3E6DFE0019A2A1 /* Assets.xcassets in Resources */ = {isa = PBXBuildFile; fileRef = FCD7C0B81E3E6DFE0019A2A1 /* Assets.xcassets */; };
		FCD7C0BC1E3E6DFE0019A2A1 /* LaunchScreen.storyboard in Resources */ = {isa = PBXBuildFile; fileRef = FCD7C0BA1E3E6DFE0019A2A1 /* LaunchScreen.storyboard */; };
/* End PBXBuildFile section */

/* Begin PBXFileReference section */
		FCD7C0AE1E3E6DFD0019A2A1 /* IMDB Api Project.app */ = {isa = PBXFileReference; explicitFileType = wrapper.application; includeInIndex = 0; path = "IMDB Api Project.app"; sourceTree = BUILT_PRODUCTS_DIR; };
		FCD7C0B11E3E6DFD0019A2A1 /* AppDelegate.swift */ = {isa = PBXFileReference; lastKnownFileType = sourcecode.swift; path = AppDelegate.swift; sourceTree = "<group>"; };
		FCD7C0B31E3E6DFE0019A2A1 /* ViewController.swift */ = {isa = PBXFileReference; lastKnownFileType = sourcecode.swift; path = ViewController.swift; sourceTree = "<group>"; };
		FCD7C0B61E3E6DFE0019A2A1 /* Base */ = {isa = PBXFileReference; lastKnownFileType = file.storyboard; name = Base; path = Base.lproj/Main.storyboard; sourceTree = "<group>"; };
		FCD7C0B81E3E6DFE0019A2A1 /* Assets.xcassets */ = {isa = PBXFileReference; lastKnownFileType = folder.assetcatalog; path = Assets.xcassets; sourceTree = "<group>"; };
		FCD7C0BB1E3E6DFE0019A2A1 /* Base */ = {isa = PBXFileReference; lastKnownFileType = file.storyboard; name = Base; path = Base.lproj/LaunchScreen.storyboard; sourceTree = "<group>"; };
		FCD7C0BD1E3E6DFE0019A2A1 /* Info.plist */ = {isa = PBXFileReference; lastKnownFileType = text.plist.xml; path = Info.plist; sourceTree = "<group>"; };
/* End PBXFileReference section */

/* Begin PBXFrameworksBuildPhase section */
		FCD7C0AB1E3E6DFD0019A2A1 /* Frameworks */ = {
			isa = PBXFrameworksBuildPhase;
			buildActionMask = 2147483647;
			files = (
			);
			runOnlyForDeploymentPostprocessing = 0;
		};
/* End PBXFrameworksBuildPhase section */

/* Begin PBXGroup section */
		FCD7C0A51E3E6DFD0019A2A1 = {
			isa = PBXGroup;
			children = (
				FCD7C0B01E3E6DFD0019A2A1 /* IMDB Api Project */,
				FCD7C0AF1E3E6DFD0019A2A1 /* Products */,
			);
			sourceTree = "<group>";
		};
		FCD7C0AF1E3E6DFD0019A2A1 /* Products */ = {
			isa = PBXGroup;
			children = (
				FCD7C0AE1E3E6DFD0019A2A1 /* IMDB Api Project.app */,
			);
			name = Products;
			sourceTree = "<group>";
		};
		FCD7C0B01E3E6DFD0019A2A1 /* IMDB Api Project */ = {
			isa = PBXGroup;
			children = (
				FCD7C0B11E3E6DFD0019A2A1 /* AppDelegate.swift */,
				FCD7C0B31E3E6DFE0019A2A1 /* ViewController.swift */,
				FCD7C0B51E3E6DFE0019A2A1 /* Main.storyboard */,
				FCD7C0B81E3E6DFE0019A2A1 /* Assets.xcassets */,
				FCD7C0BA1E3E6DFE0019A2A1 /* LaunchScreen.storyboard */,
				FCD7C0BD1E3E6DFE0019A2A1 /* Info.plist */,
			);
			path = "IMDB Api Project";
			sourceTree = "<group>";
		};
/* End PBXGroup section */

/* Begin PBXNativeTarget section */
		FCD7C0AD1E3E6DFD0019A2A1 /* IMDB Api Project */ = {
			isa = PBXNativeTarget;
			buildConfigurationList = FCD7C0C01E3E6DFE0019A2A1 /* Build configuration list for PBXNativeTarget "IMDB Api Project" */;
			buildPhases = (
				FCD7C0AA1E3E6DFD0019A2A1 /* Sources */,
				FCD7C0AB1E3E6DFD0019A2A1 /* Frameworks */,
				FCD7C0AC1E3E6DFD0019A2A1 /* Resources */,
			);
			buildRules = (
			);
			dependencies = (
			);
			name = "IMDB Api Project";
			productName = "IMDB Api Project";
			productReference = FCD7C0AE1E3E6DFD0019A2A1 /* IMDB Api Project.app */;
			productType = "com.apple.product-type.application";
		};
/* End PBXNativeTarget section */

/* Begin PBXProject section */
		FCD7C0A61E3E6DFD0019A2A1 /* Project object */ = {
			isa = PBXProject;
			attributes = {
				LastSwiftUpdateCheck = 0820;
				LastUpgradeCheck = 0820;
				ORGANIZATIONNAME = "Atıl Samancıoğlu";
				TargetAttributes = {
					FCD7C0AD1E3E6DFD0019A2A1 = {
						CreatedOnToolsVersion = 8.2.1;
						DevelopmentTeam = 7SH627DBA4;
						ProvisioningStyle = Automatic;
					};
				};
			};
			buildConfigurationList = FCD7C0A91E3E6DFD0019A2A1 /* Build configuration list for PBXProject "IMDB Api Project" */;
			compatibilityVersion = "Xcode 3.2";
			developmentRegion = English;
			hasScannedForEncodings = 0;
			knownRegions = (
				en,
				Base,
			);
			mainGroup = FCD7C0A51E3E6DFD0019A2A1;
			productRefGroup = FCD7C0AF1E3E6DFD0019A2A1 /* Products */;
			projectDirPath = "";
			projectRoot = "";
			targets = (
				FCD7C0AD1E3E6DFD0019A2A1 /* IMDB Api Project */,
			);
		};
/* End PBXProject section */

/* Begin PBXResourcesBuildPhase section */
		FCD7C0AC1E3E6DFD0019A2A1 /* Resources */ = {
			isa = PBXResourcesBuildPhase;
			buildActionMask = 2147483647;
			files = (
				FCD7C0BC1E3E6DFE0019A2A1 /* LaunchScreen.storyboard in Resources */,
				FCD7C0B91E3E6DFE0019A2A1 /* Assets.xcassets in Resources */,
				FCD7C0B71E3E6DFE0019A2A1 /* Main.storyboard in Resources */,
			);
			runOnlyForDeploymentPostprocessing = 0;
		};
/* End PBXResourcesBuildPhase section */

/* Begin PBXSourcesBuildPhase section */
		FCD7C0AA1E3E6DFD0019A2A1 /* Sources */ = {
			isa = PBXSourcesBuildPhase;
			buildActionMask = 2147483647;
			files = (
				FCD7C0B41E3E6DFE0019A2A1 /* ViewController.swift in Sources */,
				FCD7C0B21E3E6DFD0019A2A1 /* AppDelegate.swift in Sources */,
			);
			runOnlyForDeploymentPostprocessing = 0;
		};
/* End PBXSourcesBuildPhase section */

/* Begin PBXVariantGroup section */
		FCD7C0B51E3E6DFE0019A2A1 /* Main.storyboard */ = {
			isa = PBXVariantGroup;
			children = (
				FCD7C0B61E3E6DFE0019A2A1 /* Base */,
			);
			name = Main.storyboard;
			sourceTree = "<group>";
		};
		FCD7C0BA1E3E6DFE0019A2A1 /* LaunchScreen.storyboard */ = {
			isa = PBXVariantGroup;
			children = (
				FCD7C0BB1E3E6DFE0019A2A1 /* Base */,
			);
			name = LaunchScreen.storyboard;
			sourceTree = "<group>";
		};
/* End PBXVariantGroup section */

/* Begin XCBuildConfiguration section */
		FCD7C0BE1E3E6DFE0019A2A1 /* Debug */ = {
			isa = XCBuildConfiguration;
			buildSettings = {
				ALWAYS_SEARCH_USER_PATHS = NO;
				CLANG_ANALYZER_NONNULL = YES;
				CLANG_CXX_LANGUAGE_STANDARD = "gnu++0x";
				CLANG_CXX_LIBRARY = "libc++";
				CLANG_ENABLE_MODULES = YES;
				CLANG_ENABLE_OBJC_ARC = YES;
				CLANG_WARN_BOOL_CONVERSION = YES;
				CLANG_WARN_CONSTANT_CONVERSION = YES;
				CLANG_WARN_DIRECT_OBJC_ISA_USAGE = YES_ERROR;
				CLANG_WARN_DOCUMENTATION_COMMENTS = YES;
				CLANG_WARN_EMPTY_BODY = YES;
				CLANG_WARN_ENUM_CONVERSION = YES;
				CLANG_WARN_INFINITE_RECURSION = YES;
				CLANG_WARN_INT_CONVERSION = YES;
				CLANG_WARN_OBJC_ROOT_CLASS = YES_ERROR;
				CLANG_WARN_SUSPICIOUS_MOVE = YES;
				CLANG_WARN_UNREACHABLE_CODE = YES;
				CLANG_WARN__DUPLICATE_METHOD_MATCH = YES;
				"CODE_SIGN_IDENTITY[sdk=iphoneos*]" = "iPhone Developer";
				COPY_PHASE_STRIP = NO;
				DEBUG_INFORMATION_FORMAT = dwarf;
				ENABLE_STRICT_OBJC_MSGSEND = YES;
				ENABLE_TESTABILITY = YES;
				GCC_C_LANGUAGE_STANDARD = gnu99;
				GCC_DYNAMIC_NO_PIC = NO;
				GCC_NO_COMMON_BLOCKS = YES;
				GCC_OPTIMIZATION_LEVEL = 0;
				GCC_PREPROCESSOR_DEFINITIONS = (
					"DEBUG=1",
					"$(inherited)",
				);
				GCC_WARN_64_TO_32_BIT_CONVERSION = YES;
				GCC_WARN_ABOUT_RETURN_TYPE = YES_ERROR;
				GCC_WARN_UNDECLARED_SELECTOR = YES;
				GCC_WARN_UNINITIALIZED_AUTOS = YES_AGGRESSIVE;
				GCC_WARN_UNUSED_FUNCTION = YES;
				GCC_WARN_UNUSED_VARIABLE = YES;
				IPHONEOS_DEPLOYMENT_TARGET = 10.2;
				MTL_ENABLE_DEBUG_INFO = YES;
				ONLY_ACTIVE_ARCH = YES;
				SDKROOT = iphoneos;
				SWIFT_ACTIVE_COMPILATION_CONDITIONS = DEBUG;
				SWIFT_OPTIMIZATION_LEVEL = "-Onone";
				TARGETED_DEVICE_FAMILY = "1,2";
			};
			name = Debug;
		};
		FCD7C0BF1E3E6DFE0019A2A1 /* Release */ = {
			isa = XCBuildConfiguration;
			buildSettings = {
				ALWAYS_SEARCH_USER_PATHS = NO;
				CLANG_ANALYZER_NONNULL = YES;
				CLANG_CXX_LANGUAGE_STANDARD = "gnu++0x";
				CLANG_CXX_LIBRARY = "libc++";
				CLANG_ENABLE_MODULES = YES;
				CLANG_ENABLE_OBJC_ARC = YES;
				CLANG_WARN_BOOL_CONVERSION = YES;
				CLANG_WARN_CONSTANT_CONVERSION = YES;
				CLANG_WARN_DIRECT_OBJC_ISA_USAGE = YES_ERROR;
				CLANG_WARN_DOCUMENTATION_COMMENTS = YES;
				CLANG_WARN_EMPTY_BODY = YES;
				CLANG_WARN_ENUM_CONVERSION = YES;
				CLANG_WARN_INFINITE_RECURSION = YES;
				CLANG_WARN_INT_CONVERSION = YES;
				CLANG_WARN_OBJC_ROOT_CLASS = YES_ERROR;
				CLANG_WARN_SUSPICIOUS_MOVE = YES;
				CLANG_WARN_UNREACHABLE_CODE = YES;
				CLANG_WARN__DUPLICATE_METHOD_MATCH = YES;
				"CODE_SIGN_IDENTITY[sdk=iphoneos*]" = "iPhone Developer";
				COPY_PHASE_STRIP = NO;
				DEBUG_INFORMATION_FORMAT = "dwarf-with-dsym";
				ENABLE_NS_ASSERTIONS = NO;
				ENABLE_STRICT_OBJC_MSGSEND = YES;
				GCC_C_LANGUAGE_STANDARD = gnu99;
				GCC_NO_COMMON_BLOCKS = YES;
				GCC_WARN_64_TO_32_BIT_CONVERSION = YES;
				GCC_WARN_ABOUT_RETURN_TYPE = YES_ERROR;
				GCC_WARN_UNDECLARED_SELECTOR = YES;
				GCC_WARN_UNINITIALIZED_AUTOS = YES_AGGRESSIVE;
				GCC_WARN_UNUSED_FUNCTION = YES;
				GCC_WARN_UNUSED_VARIABLE = YES;
				IPHONEOS_DEPLOYMENT_TARGET = 10.2;
				MTL_ENABLE_DEBUG_INFO = NO;
				SDKROOT = iphoneos;
				SWIFT_OPTIMIZATION_LEVEL = "-Owholemodule";
				TARGETED_DEVICE_FAMILY = "1,2";
				VALIDATE_PRODUCT = YES;
			};
			name = Release;
		};
		FCD7C0C11E3E6DFE0019A2A1 /* Debug */ = {
			isa = XCBuildConfiguration;
			buildSettings = {
				ASSETCATALOG_COMPILER_APPICON_NAME = AppIcon;
				DEVELOPMENT_TEAM = 7SH627DBA4;
				INFOPLIST_FILE = "IMDB Api Project/Info.plist";
				LD_RUNPATH_SEARCH_PATHS = "$(inherited) @executable_path/Frameworks";
				PRODUCT_BUNDLE_IDENTIFIER = "com.atilsamancioglu.IMDB-Api-Project";
				PRODUCT_NAME = "$(TARGET_NAME)";
				SWIFT_VERSION = 3.0;
			};
			name = Debug;
		};
		FCD7C0C21E3E6DFE0019A2A1 /* Release */ = {
			isa = XCBuildConfiguration;
			buildSettings = {
				ASSETCATALOG_COMPILER_APPICON_NAME = AppIcon;
				DEVELOPMENT_TEAM = 7SH627DBA4;
				INFOPLIST_FILE = "IMDB Api Project/Info.plist";
				LD_RUNPATH_SEARCH_PATHS = "$(inherited) @executable_path/Frameworks";
				PRODUCT_BUNDLE_IDENTIFIER = "com.atilsamancioglu.IMDB-Api-Project";
				PRODUCT_NAME = "$(TARGET_NAME)";
				SWIFT_VERSION = 3.0;
			};
			name = Release;
		};
/* End XCBuildConfiguration section */

/* Begin XCConfigurationList section */
		FCD7C0A91E3E6DFD0019A2A1 /* Build configuration list for PBXProject "IMDB Api Project" */ = {
			isa = XCConfigurationList;
			buildConfigurations = (
				FCD7C0BE1E3E6DFE0019A2A1 /* Debug */,
				FCD7C0BF1E3E6DFE0019A2A1 /* Release */,
			);
			defaultConfigurationIsVisible = 0;
			defaultConfigurationName = Release;
		};
		FCD7C0C01E3E6DFE0019A2A1 /* Build configuration list for PBXNativeTarget "IMDB Api Project" */ = {
			isa = XCConfigurationList;
			buildConfigurations = (
				FCD7C0C11E3E6DFE0019A2A1 /* Debug */,
				FCD7C0C21E3E6DFE0019A2A1 /* Release */,
			);
			defaultConfigurationIsVisible = 0;
		};
/* End XCConfigurationList section */
	};
	rootObject = FCD7C0A61E3E6DFD0019A2A1 /* Project object */;
}
